
Microsoft Visual Studio Solution File, Format Version 12.00
# Visual Studio Version 16
VisualStudioVersion = 16.0.29102.190
MinimumVisualStudioVersion = 10.0.40219.1
Project("{FAE04EC0-301F-11D3-BF4B-00C04F79EFBC}") = "BooksApi", "BooksApi\BooksApi.csproj", "{C1B63BD4-F3BA-4D68-9F56-0B3810654706}"
EndProject
Global
	GlobalSection(SolutionConfigurationPlatforms) = preSolution
		Debug|Any CPU = Debug|Any CPU
		Release|Any CPU = Release|Any CPU
	EndGlobalSection
	GlobalSection(ProjectConfigurationPlatforms) = postSolution
		{C1B63BD4-F3BA-4D68-9F56-0B3810654706}.Debug|Any CPU.ActiveCfg = Debug|Any CPU
		{C1B63BD4-F3BA-4D68-9F56-0B3810654706}.Debug|Any CPU.Build.0 = Debug|Any CPU
		{C1B63BD4-F3BA-4D68-9F56-0B3810654706}.Release|Any CPU.ActiveCfg = Release|Any CPU
		{C1B63BD4-F3BA-4D68-9F56-0B3810654706}.Release|Any CPU.Build.0 = Release|Any CPU
	EndGlobalSection
	GlobalSection(SolutionProperties) = preSolution
		HideSolutionNode = FALSE
	EndGlobalSection
	GlobalSection(ExtensibilityGlobals) = postSolution
		SolutionGuid = {24110BC7-4FA2-4D60-A894-AC0CDF268968}
	EndGlobalSection
EndGlobal
